
Microsoft Visual Studio Solution File, Format Version 12.00
# Visual Studio 14
VisualStudioVersion = 14.0.25123.0
MinimumVisualStudioVersion = 10.0.40219.1
Project("{FAE04EC0-301F-11D3-BF4B-00C04F79EFBC}") = "Cogworks.Meganav", "Cogworks.Meganav\Cogworks.Meganav.csproj", "{027AC239-85AA-4E82-9309-3AF66A91FF82}"
EndProject
Project("{2150E333-8FDC-42A3-9474-1A3956D46DE8}") = "Tests", "Tests", "{E5E831E6-F2D6-484C-9BF5-AC0597C613AF}"
EndProject
Global
	GlobalSection(SolutionConfigurationPlatforms) = preSolution
		Debug|Any CPU = Debug|Any CPU
		Release|Any CPU = Release|Any CPU
	EndGlobalSection
	GlobalSection(ProjectConfigurationPlatforms) = postSolution
		{027AC239-85AA-4E82-9309-3AF66A91FF82}.Debug|Any CPU.ActiveCfg = Debug|Any CPU
		{027AC239-85AA-4E82-9309-3AF66A91FF82}.Debug|Any CPU.Build.0 = Debug|Any CPU
		{027AC239-85AA-4E82-9309-3AF66A91FF82}.Release|Any CPU.ActiveCfg = Release|Any CPU
		{027AC239-85AA-4E82-9309-3AF66A91FF82}.Release|Any CPU.Build.0 = Release|Any CPU
	EndGlobalSection
	GlobalSection(SolutionProperties) = preSolution
		HideSolutionNode = FALSE
	EndGlobalSection
EndGlobal
